<?xml version="1.0" encoding="UTF-8" standalone="yes" ?>
<CodeBlocks_project_file>
	<FileVersion major="1" minor="6" />
	<Project>
		<Option title="Animated ThreadBridge" />
		<Option pch_mode="2" />
		<Option compiler="gcc" />
		<Build>
			<Target title="Debug">
				<Option output="bin/Debug/Animated ThreadBridge" prefix_auto="1" extension_auto="1" />
				<Option object_output="obj/Debug/" />
				<Option type="1" />
				<Option compiler="gcc" />
				<Option projectLinkerOptionsRelation="2" />
				<Compiler>
					<Add option="-g" />
					<Add option="-std=gnu99" />
				</Compiler>
			</Target>
			<Target title="Release">
				<Option output="bin/Release/Animated ThreadBridge" prefix_auto="1" extension_auto="1" />
				<Option object_output="obj/Release/" />
				<Option type="1" />
				<Option compiler="gcc" />
				<Compiler>
					<Add option="-O2" />
				</Compiler>
				<Linker>
					<Add option="-s" />
				</Linker>
			</Target>
		</Build>
		<Compiler>
			<Add option="-Wall" />
			<Add option="-std=gnu99" />
		</Compiler>
		<Linker>
			<Add option="-pthread" />
			<Add option="-lSDL2" />
			<Add option="-lSDL2_image" />
			<Add option="-lSDL2_ttf" />
		</Linker>
		<Unit filename="algoritmos_control.c">
			<Option compilerVar="CC" />
		</Unit>
		<Unit filename="algoritmos_control.h" />
		<Unit filename="arduino.c">
			<Option compilerVar="CC" />
		</Unit>
		<Unit filename="arduino.h" />
		<Unit filename="calendarizador_fcfs.c">
			<Option compilerVar="CC" />
		</Unit>
		<Unit filename="calendarizador_fcfs.h" />
		<Unit filename="calendarizador_priority_queue.c">
			<Option compilerVar="CC" />
		</Unit>
		<Unit filename="calendarizador_priority_queue.h" />
		<Unit filename="calendarizador_real_time.c">
			<Option compilerVar="CC" />
		</Unit>
		<Unit filename="calendarizador_real_time.h" />
		<Unit filename="calendarizador_rr.c">
			<Option compilerVar="CC" />
		</Unit>
		<Unit filename="calendarizador_rr.h" />
		<Unit filename="calendarizador_sjf.c">
			<Option compilerVar="CC" />
		</Unit>
		<Unit filename="calendarizador_sjf.h" />
		<Unit filename="control_puentes_hardware.c">
			<Option compilerVar="CC" />
		</Unit>
		<Unit filename="control_puentes_hardware.h" />
		<Unit filename="firmata.c">
			<Option compilerVar="CC" />
		</Unit>
		<Unit filename="firmata.h" />
		<Unit filename="lector_archivos.c">
			<Option compilerVar="CC" />
		</Unit>
		<Unit filename="lector_archivos.h" />
		<Unit filename="main.c">
			<Option compilerVar="CC" />
		</Unit>
		<Unit filename="main.h" />
		<Unit filename="manejo_carros.c">
			<Option compilerVar="CC" />
		</Unit>
		<Unit filename="manejo_carros.h" />
		<Unit filename="mythreads/mythread.c">
			<Option compilerVar="CC" />
		</Unit>
		<Unit filename="mythreads/mythread.h" />
		<Unit filename="principal.c">
			<Option compilerVar="CC" />
		</Unit>
		<Unit filename="principal.h" />
		<Unit filename="puentes.c">
			<Option compilerVar="CC" />
		</Unit>
		<Unit filename="puentes.h" />
		<Unit filename="rasp.c">
			<Option compilerVar="CC" />
		</Unit>
		<Unit filename="rasp.h" />
		<Unit filename="serial.c">
			<Option compilerVar="CC" />
		</Unit>
		<Unit filename="serial.h" />
		<Unit filename="thread_data.c">
			<Option compilerVar="CC" />
		</Unit>
		<Unit filename="thread_data.h" />
		<Extensions>
			<code_completion />
			<envvars />
			<debugger />
			<lib_finder disable_auto="1" />
		</Extensions>
	</Project>
</CodeBlocks_project_file>
